Microsoft Visual Studio Solution File, Format Version 12.00
# Visual Studio Version 17
VisualStudioVersion = 17.5.2.0
MinimumVisualStudioVersion = 10.0.40219.1
Project("{FAE04EC0-301F-11D3-BF4B-00C04F79EFBC}") = "DesagioFundamentos", "DesafioFundamentos\DesagioFundamentos.csproj", "{AEB13152-B6DE-1BB4-B9F5-552A878C2AA6}"
EndProject
Global
	GlobalSection(SolutionConfigurationPlatforms) = preSolution
		Debug|Any CPU = Debug|Any CPU
		Release|Any CPU = Release|Any CPU
	EndGlobalSection
	GlobalSection(ProjectConfigurationPlatforms) = postSolution
		{AEB13152-B6DE-1BB4-B9F5-552A878C2AA6}.Debug|Any CPU.ActiveCfg = Debug|Any CPU
		{AEB13152-B6DE-1BB4-B9F5-552A878C2AA6}.Debug|Any CPU.Build.0 = Debug|Any CPU
		{AEB13152-B6DE-1BB4-B9F5-552A878C2AA6}.Release|Any CPU.ActiveCfg = Release|Any CPU
		{AEB13152-B6DE-1BB4-B9F5-552A878C2AA6}.Release|Any CPU.Build.0 = Release|Any CPU
	EndGlobalSection
	GlobalSection(SolutionProperties) = preSolution
		HideSolutionNode = FALSE
	EndGlobalSection
	GlobalSection(ExtensibilityGlobals) = postSolution
		SolutionGuid = {BD2D6408-F95B-4884-A3B1-7CB7569BCE6E}
	EndGlobalSection
EndGlobal
